<?xml version="1.0" encoding="UTF-8" standalone="yes" ?>
<CodeBlocks_project_file>
	<FileVersion major="1" minor="6" />
	<Project>
		<Option title="carreraCocina" />
		<Option pch_mode="2" />
		<Option compiler="gcc" />
		<Build>
			<Target title="Debug">
				<Option output="bin/Debug/carreraCocina" prefix_auto="1" extension_auto="1" />
				<Option object_output="obj/Debug/" />
				<Option type="1" />
				<Option compiler="gcc" />
				<Compiler>
					<Add option="-g" />
				</Compiler>
			</Target>
			<Target title="Release">
				<Option output="bin/Release/carreraCocina" prefix_auto="1" extension_auto="1" />
				<Option object_output="obj/Release/" />
				<Option type="1" />
				<Option compiler="gcc" />
				<Compiler>
					<Add option="-O2" />
				</Compiler>
				<Linker>
					<Add option="-s" />
				</Linker>
			</Target>
		</Build>
		<Compiler>
			<Add option="-Wall" />
			<Add option="-fexceptions" />
		</Compiler>
		<Unit filename="alumno.cpp" />
		<Unit filename="alumno.h" />
		<Unit filename="aprobacion.cpp" />
		<Unit filename="aprobacion.h" />
		<Unit filename="asignatura.cpp" />
		<Unit filename="asignatura.h" />
		<Unit filename="avlalumno.cpp" />
		<Unit filename="avlalumno.h" />
		<Unit filename="boolean.cpp" />
		<Unit filename="boolean.h" />
		<Unit filename="fecha.cpp" />
		<Unit filename="fecha.h" />
		<Unit filename="listaaprob.cpp" />
		<Unit filename="listaaprob.h" />
		<Unit filename="main.cpp" />
		<Unit filename="mapeoasig.cpp" />
		<Unit filename="mapeoasig.h" />
		<Unit filename="menu.cpp" />
		<Unit filename="menu.h" />
		<Unit filename="stringdinamico.cpp" />
		<Unit filename="stringdinamico.h" />
		<Extensions>
			<code_completion />
			<envvars />
			<debugger />
			<lib_finder disable_auto="1" />
		</Extensions>
	</Project>
</CodeBlocks_project_file>
